
Microsoft Visual Studio Solution File, Format Version 12.00
# Visual Studio Version 17
VisualStudioVersion = 17.9.34616.47
MinimumVisualStudioVersion = 10.0.40219.1
Project("{FAE04EC0-301F-11D3-BF4B-00C04F79EFBC}") = "KodlamaioGenericCRUDProject", "KodlamaioGenericCRUDProject\KodlamaioGenericCRUDProject.csproj", "{D58548FA-328A-4F19-AB1B-ADBB5232B193}"
EndProject
Global
	GlobalSection(SolutionConfigurationPlatforms) = preSolution
		Debug|Any CPU = Debug|Any CPU
		Release|Any CPU = Release|Any CPU
	EndGlobalSection
	GlobalSection(ProjectConfigurationPlatforms) = postSolution
		{D58548FA-328A-4F19-AB1B-ADBB5232B193}.Debug|Any CPU.ActiveCfg = Debug|Any CPU
		{D58548FA-328A-4F19-AB1B-ADBB5232B193}.Debug|Any CPU.Build.0 = Debug|Any CPU
		{D58548FA-328A-4F19-AB1B-ADBB5232B193}.Release|Any CPU.ActiveCfg = Release|Any CPU
		{D58548FA-328A-4F19-AB1B-ADBB5232B193}.Release|Any CPU.Build.0 = Release|Any CPU
	EndGlobalSection
	GlobalSection(SolutionProperties) = preSolution
		HideSolutionNode = FALSE
	EndGlobalSection
	GlobalSection(ExtensibilityGlobals) = postSolution
		SolutionGuid = {581AC377-3CBB-4FAF-A361-3B5F3BE68583}
	EndGlobalSection
EndGlobal
